// !$*UTF8*$!
{
	archiveVersion = 1;
	classes = {
	};
	objectVersion = 56;
	objects = {

/* Begin PBXBuildFile section */
		0FBA7F7731C95F3105C25DAF /* Pods_CoroutineExample.framework in Frameworks */ = {isa = PBXBuildFile; fileRef = 0DC559571C153668BE4FA2F7 /* Pods_CoroutineExample.framework */; };
		AAFC676A29B3B35900A8EE87 /* AppDelegate.swift in Sources */ = {isa = PBXBuildFile; fileRef = AAFC676929B3B35900A8EE87 /* AppDelegate.swift */; };
		AAFC676C29B3B35900A8EE87 /* SceneDelegate.swift in Sources */ = {isa = PBXBuildFile; fileRef = AAFC676B29B3B35900A8EE87 /* SceneDelegate.swift */; };
		AAFC676E29B3B35900A8EE87 /* ViewController.swift in Sources */ = {isa = PBXBuildFile; fileRef = AAFC676D29B3B35900A8EE87 /* ViewController.swift */; };
		AAFC677129B3B35900A8EE87 /* Main.storyboard in Resources */ = {isa = PBXBuildFile; fileRef = AAFC676F29B3B35900A8EE87 /* Main.storyboard */; };
		AAFC677329B3B35A00A8EE87 /* Assets.xcassets in Resources */ = {isa = PBXBuildFile; fileRef = AAFC677229B3B35A00A8EE87 /* Assets.xcassets */; };
		AAFC677629B3B35A00A8EE87 /* LaunchScreen.storyboard in Resources */ = {isa = PBXBuildFile; fileRef = AAFC677429B3B35A00A8EE87 /* LaunchScreen.storyboard */; };
/* End PBXBuildFile section */

/* Begin PBXFileReference section */
		0DC559571C153668BE4FA2F7 /* Pods_CoroutineExample.framework */ = {isa = PBXFileReference; explicitFileType = wrapper.framework; includeInIndex = 0; path = Pods_CoroutineExample.framework; sourceTree = BUILT_PRODUCTS_DIR; };
		1FE9A26ED6B72D5983CDCEA4 /* Pods-CoroutineExample.debug.xcconfig */ = {isa = PBXFileReference; includeInIndex = 1; lastKnownFileType = text.xcconfig; name = "Pods-CoroutineExample.debug.xcconfig"; path = "Target Support Files/Pods-CoroutineExample/Pods-CoroutineExample.debug.xcconfig"; sourceTree = "<group>"; };
		AAFC676629B3B35900A8EE87 /* CoroutineExample.app */ = {isa = PBXFileReference; explicitFileType = wrapper.application; includeInIndex = 0; path = CoroutineExample.app; sourceTree = BUILT_PRODUCTS_DIR; };
		AAFC676929B3B35900A8EE87 /* AppDelegate.swift */ = {isa = PBXFileReference; lastKnownFileType = sourcecode.swift; path = AppDelegate.swift; sourceTree = "<group>"; };
		AAFC676B29B3B35900A8EE87 /* SceneDelegate.swift */ = {isa = PBXFileReference; lastKnownFileType = sourcecode.swift; path = SceneDelegate.swift; sourceTree = "<group>"; };
		AAFC676D29B3B35900A8EE87 /* ViewController.swift */ = {isa = PBXFileReference; lastKnownFileType = sourcecode.swift; path = ViewController.swift; sourceTree = "<group>"; };
		AAFC677029B3B35900A8EE87 /* Base */ = {isa = PBXFileReference; lastKnownFileType = file.storyboard; name = Base; path = Base.lproj/Main.storyboard; sourceTree = "<group>"; };
		AAFC677229B3B35A00A8EE87 /* Assets.xcassets */ = {isa = PBXFileReference; lastKnownFileType = folder.assetcatalog; path = Assets.xcassets; sourceTree = "<group>"; };
		AAFC677529B3B35A00A8EE87 /* Base */ = {isa = PBXFileReference; lastKnownFileType = file.storyboard; name = Base; path = Base.lproj/LaunchScreen.storyboard; sourceTree = "<group>"; };
		AAFC677729B3B35A00A8EE87 /* Info.plist */ = {isa = PBXFileReference; lastKnownFileType = text.plist.xml; path = Info.plist; sourceTree = "<group>"; };
		CB62E0D285F3A82ED14B3D26 /* Pods-CoroutineExample.release.xcconfig */ = {isa = PBXFileReference; includeInIndex = 1; lastKnownFileType = text.xcconfig; name = "Pods-CoroutineExample.release.xcconfig"; path = "Target Support Files/Pods-CoroutineExample/Pods-CoroutineExample.release.xcconfig"; sourceTree = "<group>"; };
/* End PBXFileReference section */

/* Begin PBXFrameworksBuildPhase section */
		AAFC676329B3B35900A8EE87 /* Frameworks */ = {
			isa = PBXFrameworksBuildPhase;
			buildActionMask = 2147483647;
			files = (
				0FBA7F7731C95F3105C25DAF /* Pods_CoroutineExample.framework in Frameworks */,
			);
			runOnlyForDeploymentPostprocessing = 0;
		};
/* End PBXFrameworksBuildPhase section */

/* Begin PBXGroup section */
		7718C184AA7201032740F822 /* Pods */ = {
			isa = PBXGroup;
			children = (
				1FE9A26ED6B72D5983CDCEA4 /* Pods-CoroutineExample.debug.xcconfig */,
				CB62E0D285F3A82ED14B3D26 /* Pods-CoroutineExample.release.xcconfig */,
			);
			name = Pods;
			path = Pods;
			sourceTree = "<group>";
		};
		8321E5206677109D3CDEEE1A /* Frameworks */ = {
			isa = PBXGroup;
			children = (
				0DC559571C153668BE4FA2F7 /* Pods_CoroutineExample.framework */,
			);
			name = Frameworks;
			sourceTree = "<group>";
		};
		AAFC675D29B3B35900A8EE87 = {
			isa = PBXGroup;
			children = (
				AAFC676829B3B35900A8EE87 /* CoroutineExample */,
				AAFC676729B3B35900A8EE87 /* Products */,
				7718C184AA7201032740F822 /* Pods */,
				8321E5206677109D3CDEEE1A /* Frameworks */,
			);
			sourceTree = "<group>";
		};
		AAFC676729B3B35900A8EE87 /* Products */ = {
			isa = PBXGroup;
			children = (
				AAFC676629B3B35900A8EE87 /* CoroutineExample.app */,
			);
			name = Products;
			sourceTree = "<group>";
		};
		AAFC676829B3B35900A8EE87 /* CoroutineExample */ = {
			isa = PBXGroup;
			children = (
				AAFC676929B3B35900A8EE87 /* AppDelegate.swift */,
				AAFC676B29B3B35900A8EE87 /* SceneDelegate.swift */,
				AAFC676D29B3B35900A8EE87 /* ViewController.swift */,
				AAFC676F29B3B35900A8EE87 /* Main.storyboard */,
				AAFC677229B3B35A00A8EE87 /* Assets.xcassets */,
				AAFC677429B3B35A00A8EE87 /* LaunchScreen.storyboard */,
				AAFC677729B3B35A00A8EE87 /* Info.plist */,
			);
			path = CoroutineExample;
			sourceTree = "<group>";
		};
/* End PBXGroup section */

/* Begin PBXNativeTarget section */
		AAFC676529B3B35900A8EE87 /* CoroutineExample */ = {
			isa = PBXNativeTarget;
			buildConfigurationList = AAFC677A29B3B35A00A8EE87 /* Build configuration list for PBXNativeTarget "CoroutineExample" */;
			buildPhases = (
				38EA093EDE7CBD89FA2FFD22 /* [CP] Check Pods Manifest.lock */,
				AAFC676229B3B35900A8EE87 /* Sources */,
				AAFC676329B3B35900A8EE87 /* Frameworks */,
				AAFC676429B3B35900A8EE87 /* Resources */,
				4433474446187F5B6487C3FC /* [CP] Embed Pods Frameworks */,
			);
			buildRules = (
			);
			dependencies = (
			);
			name = CoroutineExample;
			productName = CoroutineExample;
			productReference = AAFC676629B3B35900A8EE87 /* CoroutineExample.app */;
			productType = "com.apple.product-type.application";
		};
/* End PBXNativeTarget section */

/* Begin PBXProject section */
		AAFC675E29B3B35900A8EE87 /* Project object */ = {
			isa = PBXProject;
			attributes = {
				BuildIndependentTargetsInParallel = 1;
				LastSwiftUpdateCheck = 1420;
				LastUpgradeCheck = 1420;
				TargetAttributes = {
					AAFC676529B3B35900A8EE87 = {
						CreatedOnToolsVersion = 14.2;
					};
				};
			};
			buildConfigurationList = AAFC676129B3B35900A8EE87 /* Build configuration list for PBXProject "CoroutineExample" */;
			compatibilityVersion = "Xcode 14.0";
			developmentRegion = en;
			hasScannedForEncodings = 0;
			knownRegions = (
				en,
				Base,
			);
			mainGroup = AAFC675D29B3B35900A8EE87;
			productRefGroup = AAFC676729B3B35900A8EE87 /* Products */;
			projectDirPath = "";
			projectRoot = "";
			targets = (
				AAFC676529B3B35900A8EE87 /* CoroutineExample */,
			);
		};
/* End PBXProject section */

/* Begin PBXResourcesBuildPhase section */
		AAFC676429B3B35900A8EE87 /* Resources */ = {
			isa = PBXResourcesBuildPhase;
			buildActionMask = 2147483647;
			files = (
				AAFC677629B3B35A00A8EE87 /* LaunchScreen.storyboard in Resources */,
				AAFC677329B3B35A00A8EE87 /* Assets.xcassets in Resources */,
				AAFC677129B3B35900A8EE87 /* Main.storyboard in Resources */,
			);
			runOnlyForDeploymentPostprocessing = 0;
		};
/* End PBXResourcesBuildPhase section */

/* Begin PBXShellScriptBuildPhase section */
		38EA093EDE7CBD89FA2FFD22 /* [CP] Check Pods Manifest.lock */ = {
			isa = PBXShellScriptBuildPhase;
			buildActionMask = 2147483647;
			files = (
			);
			inputFileListPaths = (
			);
			inputPaths = (
				"${PODS_PODFILE_DIR_PATH}/Podfile.lock",
				"${PODS_ROOT}/Manifest.lock",
			);
			name = "[CP] Check Pods Manifest.lock";
			outputFileListPaths = (
			);
			outputPaths = (
				"$(DERIVED_FILE_DIR)/Pods-CoroutineExample-checkManifestLockResult.txt",
			);
			runOnlyForDeploymentPostprocessing = 0;
			shellPath = /bin/sh;
			shellScript = "diff \"${PODS_PODFILE_DIR_PATH}/Podfile.lock\" \"${PODS_ROOT}/Manifest.lock\" > /dev/null\nif [ $? != 0 ] ; then\n    # print error to STDERR\n    echo \"error: The sandbox is not in sync with the Podfile.lock. Run 'pod install' or update your CocoaPods installation.\" >&2\n    exit 1\nfi\n# This output is used by Xcode 'outputs' to avoid re-running this script phase.\necho \"SUCCESS\" > \"${SCRIPT_OUTPUT_FILE_0}\"\n";
			showEnvVarsInLog = 0;
		};
		4433474446187F5B6487C3FC /* [CP] Embed Pods Frameworks */ = {
			isa = PBXShellScriptBuildPhase;
			buildActionMask = 2147483647;
			files = (
			);
			inputFileListPaths = (
				"${PODS_ROOT}/Target Support Files/Pods-CoroutineExample/Pods-CoroutineExample-frameworks-${CONFIGURATION}-input-files.xcfilelist",
			);
			name = "[CP] Embed Pods Frameworks";
			outputFileListPaths = (
				"${PODS_ROOT}/Target Support Files/Pods-CoroutineExample/Pods-CoroutineExample-frameworks-${CONFIGURATION}-output-files.xcfilelist",
			);
			runOnlyForDeploymentPostprocessing = 0;
			shellPath = /bin/sh;
			shellScript = "\"${PODS_ROOT}/Target Support Files/Pods-CoroutineExample/Pods-CoroutineExample-frameworks.sh\"\n";
			showEnvVarsInLog = 0;
		};
/* End PBXShellScriptBuildPhase section */

/* Begin PBXSourcesBuildPhase section */
		AAFC676229B3B35900A8EE87 /* Sources */ = {
			isa = PBXSourcesBuildPhase;
			buildActionMask = 2147483647;
			files = (
				AAFC676E29B3B35900A8EE87 /* ViewController.swift in Sources */,
				AAFC676A29B3B35900A8EE87 /* AppDelegate.swift in Sources */,
				AAFC676C29B3B35900A8EE87 /* SceneDelegate.swift in Sources */,
			);
			runOnlyForDeploymentPostprocessing = 0;
		};
/* End PBXSourcesBuildPhase section */

/* Begin PBXVariantGroup section */
		AAFC676F29B3B35900A8EE87 /* Main.storyboard */ = {
			isa = PBXVariantGroup;
			children = (
				AAFC677029B3B35900A8EE87 /* Base */,
			);
			name = Main.storyboard;
			sourceTree = "<group>";
		};
		AAFC677429B3B35A00A8EE87 /* LaunchScreen.storyboard */ = {
			isa = PBXVariantGroup;
			children = (
				AAFC677529B3B35A00A8EE87 /* Base */,
			);
			name = LaunchScreen.storyboard;
			sourceTree = "<group>";
		};
/* End PBXVariantGroup section */

/* Begin XCBuildConfiguration section */
		AAFC677829B3B35A00A8EE87 /* Debug */ = {
			isa = XCBuildConfiguration;
			buildSettings = {
				ALWAYS_SEARCH_USER_PATHS = NO;
				CLANG_ANALYZER_NONNULL = YES;
				CLANG_ANALYZER_NUMBER_OBJECT_CONVERSION = YES_AGGRESSIVE;
				CLANG_CXX_LANGUAGE_STANDARD = "gnu++20";
				CLANG_ENABLE_MODULES = YES;
				CLANG_ENABLE_OBJC_ARC = YES;
				CLANG_ENABLE_OBJC_WEAK = YES;
				CLANG_WARN_BLOCK_CAPTURE_AUTORELEASING = YES;
				CLANG_WARN_BOOL_CONVERSION = YES;
				CLANG_WARN_COMMA = YES;
				CLANG_WARN_CONSTANT_CONVERSION = YES;
				CLANG_WARN_DEPRECATED_OBJC_IMPLEMENTATIONS = YES;
				CLANG_WARN_DIRECT_OBJC_ISA_USAGE = YES_ERROR;
				CLANG_WARN_DOCUMENTATION_COMMENTS = YES;
				CLANG_WARN_EMPTY_BODY = YES;
				CLANG_WARN_ENUM_CONVERSION = YES;
				CLANG_WARN_INFINITE_RECURSION = YES;
				CLANG_WARN_INT_CONVERSION = YES;
				CLANG_WARN_NON_LITERAL_NULL_CONVERSION = YES;
				CLANG_WARN_OBJC_IMPLICIT_RETAIN_SELF = YES;
				CLANG_WARN_OBJC_LITERAL_CONVERSION = YES;
				CLANG_WARN_OBJC_ROOT_CLASS = YES_ERROR;
				CLANG_WARN_QUOTED_INCLUDE_IN_FRAMEWORK_HEADER = YES;
				CLANG_WARN_RANGE_LOOP_ANALYSIS = YES;
				CLANG_WARN_STRICT_PROTOTYPES = YES;
				CLANG_WARN_SUSPICIOUS_MOVE = YES;
				CLANG_WARN_UNGUARDED_AVAILABILITY = YES_AGGRESSIVE;
				CLANG_WARN_UNREACHABLE_CODE = YES;
				CLANG_WARN__DUPLICATE_METHOD_MATCH = YES;
				COPY_PHASE_STRIP = NO;
				DEBUG_INFORMATION_FORMAT = dwarf;
				ENABLE_STRICT_OBJC_MSGSEND = YES;
				ENABLE_TESTABILITY = YES;
				GCC_C_LANGUAGE_STANDARD = gnu11;
				GCC_DYNAMIC_NO_PIC = NO;
				GCC_NO_COMMON_BLOCKS = YES;
				GCC_OPTIMIZATION_LEVEL = 0;
				GCC_PREPROCESSOR_DEFINITIONS = (
					"DEBUG=1",
					"$(inherited)",
				);
				GCC_WARN_64_TO_32_BIT_CONVERSION = YES;
				GCC_WARN_ABOUT_RETURN_TYPE = YES_ERROR;
				GCC_WARN_UNDECLARED_SELECTOR = YES;
				GCC_WARN_UNINITIALIZED_AUTOS = YES_AGGRESSIVE;
				GCC_WARN_UNUSED_FUNCTION = YES;
				GCC_WARN_UNUSED_VARIABLE = YES;
				IPHONEOS_DEPLOYMENT_TARGET = 16.2;
				MTL_ENABLE_DEBUG_INFO = INCLUDE_SOURCE;
				MTL_FAST_MATH = YES;
				ONLY_ACTIVE_ARCH = YES;
				SDKROOT = iphoneos;
				SWIFT_ACTIVE_COMPILATION_CONDITIONS = DEBUG;
				SWIFT_OPTIMIZATION_LEVEL = "-Onone";
			};
			name = Debug;
		};
		AAFC677929B3B35A00A8EE87 /* Release */ = {
			isa = XCBuildConfiguration;
			buildSettings = {
				ALWAYS_SEARCH_USER_PATHS = NO;
				CLANG_ANALYZER_NONNULL = YES;
				CLANG_ANALYZER_NUMBER_OBJECT_CONVERSION = YES_AGGRESSIVE;
				CLANG_CXX_LANGUAGE_STANDARD = "gnu++20";
				CLANG_ENABLE_MODULES = YES;
				CLANG_ENABLE_OBJC_ARC = YES;
				CLANG_ENABLE_OBJC_WEAK = YES;
				CLANG_WARN_BLOCK_CAPTURE_AUTORELEASING = YES;
				CLANG_WARN_BOOL_CONVERSION = YES;
				CLANG_WARN_COMMA = YES;
				CLANG_WARN_CONSTANT_CONVERSION = YES;
				CLANG_WARN_DEPRECATED_OBJC_IMPLEMENTATIONS = YES;
				CLANG_WARN_DIRECT_OBJC_ISA_USAGE = YES_ERROR;
				CLANG_WARN_DOCUMENTATION_COMMENTS = YES;
				CLANG_WARN_EMPTY_BODY = YES;
				CLANG_WARN_ENUM_CONVERSION = YES;
				CLANG_WARN_INFINITE_RECURSION = YES;
				CLANG_WARN_INT_CONVERSION = YES;
				CLANG_WARN_NON_LITERAL_NULL_CONVERSION = YES;
				CLANG_WARN_OBJC_IMPLICIT_RETAIN_SELF = YES;
				CLANG_WARN_OBJC_LITERAL_CONVERSION = YES;
				CLANG_WARN_OBJC_ROOT_CLASS = YES_ERROR;
				CLANG_WARN_QUOTED_INCLUDE_IN_FRAMEWORK_HEADER = YES;
				CLANG_WARN_RANGE_LOOP_ANALYSIS = YES;
				CLANG_WARN_STRICT_PROTOTYPES = YES;
				CLANG_WARN_SUSPICIOUS_MOVE = YES;
				CLANG_WARN_UNGUARDED_AVAILABILITY = YES_AGGRESSIVE;
				CLANG_WARN_UNREACHABLE_CODE = YES;
				CLANG_WARN__DUPLICATE_METHOD_MATCH = YES;
				COPY_PHASE_STRIP = NO;
				DEBUG_INFORMATION_FORMAT = "dwarf-with-dsym";
				ENABLE_NS_ASSERTIONS = NO;
				ENABLE_STRICT_OBJC_MSGSEND = YES;
				GCC_C_LANGUAGE_STANDARD = gnu11;
				GCC_NO_COMMON_BLOCKS = YES;
				GCC_WARN_64_TO_32_BIT_CONVERSION = YES;
				GCC_WARN_ABOUT_RETURN_TYPE = YES_ERROR;
				GCC_WARN_UNDECLARED_SELECTOR = YES;
				GCC_WARN_UNINITIALIZED_AUTOS = YES_AGGRESSIVE;
				GCC_WARN_UNUSED_FUNCTION = YES;
				GCC_WARN_UNUSED_VARIABLE = YES;
				IPHONEOS_DEPLOYMENT_TARGET = 16.2;
				MTL_ENABLE_DEBUG_INFO = NO;
				MTL_FAST_MATH = YES;
				SDKROOT = iphoneos;
				SWIFT_COMPILATION_MODE = wholemodule;
				SWIFT_OPTIMIZATION_LEVEL = "-O";
				VALIDATE_PRODUCT = YES;
			};
			name = Release;
		};
		AAFC677B29B3B35A00A8EE87 /* Debug */ = {
			isa = XCBuildConfiguration;
			baseConfigurationReference = 1FE9A26ED6B72D5983CDCEA4 /* Pods-CoroutineExample.debug.xcconfig */;
			buildSettings = {
				ASSETCATALOG_COMPILER_APPICON_NAME = AppIcon;
				ASSETCATALOG_COMPILER_GLOBAL_ACCENT_COLOR_NAME = AccentColor;
				CODE_SIGN_STYLE = Automatic;
				CURRENT_PROJECT_VERSION = 1;
				DEVELOPMENT_TEAM = GAJJ4F72ZK;
				GENERATE_INFOPLIST_FILE = YES;
				INFOPLIST_FILE = CoroutineExample/Info.plist;
				INFOPLIST_KEY_UIApplicationSupportsIndirectInputEvents = YES;
				INFOPLIST_KEY_UILaunchStoryboardName = LaunchScreen;
				INFOPLIST_KEY_UIMainStoryboardFile = Main;
				INFOPLIST_KEY_UISupportedInterfaceOrientations_iPad = "UIInterfaceOrientationPortrait UIInterfaceOrientationPortraitUpsideDown UIInterfaceOrientationLandscapeLeft UIInterfaceOrientationLandscapeRight";
				INFOPLIST_KEY_UISupportedInterfaceOrientations_iPhone = "UIInterfaceOrientationPortrait UIInterfaceOrientationLandscapeLeft UIInterfaceOrientationLandscapeRight";
				LD_RUNPATH_SEARCH_PATHS = (
					"$(inherited)",
					"@executable_path/Frameworks",
				);
				MARKETING_VERSION = 1.0;
				PRODUCT_BUNDLE_IDENTIFIER = com.readstar.yami.CoroutineExample;
				PRODUCT_NAME = "$(TARGET_NAME)";
				SWIFT_EMIT_LOC_STRINGS = YES;
				SWIFT_VERSION = 5.0;
				TARGETED_DEVICE_FAMILY = "1,2";
			};
			name = Debug;
		};
		AAFC677C29B3B35A00A8EE87 /* Release */ = {
			isa = XCBuildConfiguration;
			baseConfigurationReference = CB62E0D285F3A82ED14B3D26 /* Pods-CoroutineExample.release.xcconfig */;
			buildSettings = {
				ASSETCATALOG_COMPILER_APPICON_NAME = AppIcon;
				ASSETCATALOG_COMPILER_GLOBAL_ACCENT_COLOR_NAME = AccentColor;
				CODE_SIGN_STYLE = Automatic;
				CURRENT_PROJECT_VERSION = 1;
				DEVELOPMENT_TEAM = GAJJ4F72ZK;
				GENERATE_INFOPLIST_FILE = YES;
				INFOPLIST_FILE = CoroutineExample/Info.plist;
				INFOPLIST_KEY_UIApplicationSupportsIndirectInputEvents = YES;
				INFOPLIST_KEY_UILaunchStoryboardName = LaunchScreen;
				INFOPLIST_KEY_UIMainStoryboardFile = Main;
				INFOPLIST_KEY_UISupportedInterfaceOrientations_iPad = "UIInterfaceOrientationPortrait UIInterfaceOrientationPortraitUpsideDown UIInterfaceOrientationLandscapeLeft UIInterfaceOrientationLandscapeRight";
				INFOPLIST_KEY_UISupportedInterfaceOrientations_iPhone = "UIInterfaceOrientationPortrait UIInterfaceOrientationLandscapeLeft UIInterfaceOrientationLandscapeRight";
				LD_RUNPATH_SEARCH_PATHS = (
					"$(inherited)",
					"@executable_path/Frameworks",
				);
				MARKETING_VERSION = 1.0;
				PRODUCT_BUNDLE_IDENTIFIER = com.readstar.yami.CoroutineExample;
				PRODUCT_NAME = "$(TARGET_NAME)";
				SWIFT_EMIT_LOC_STRINGS = YES;
				SWIFT_VERSION = 5.0;
				TARGETED_DEVICE_FAMILY = "1,2";
			};
			name = Release;
		};
/* End XCBuildConfiguration section */

/* Begin XCConfigurationList section */
		AAFC676129B3B35900A8EE87 /* Build configuration list for PBXProject "CoroutineExample" */ = {
			isa = XCConfigurationList;
			buildConfigurations = (
				AAFC677829B3B35A00A8EE87 /* Debug */,
				AAFC677929B3B35A00A8EE87 /* Release */,
			);
			defaultConfigurationIsVisible = 0;
			defaultConfigurationName = Release;
		};
		AAFC677A29B3B35A00A8EE87 /* Build configuration list for PBXNativeTarget "CoroutineExample" */ = {
			isa = XCConfigurationList;
			buildConfigurations = (
				AAFC677B29B3B35A00A8EE87 /* Debug */,
				AAFC677C29B3B35A00A8EE87 /* Release */,
			);
			defaultConfigurationIsVisible = 0;
			defaultConfigurationName = Release;
		};
/* End XCConfigurationList section */
	};
	rootObject = AAFC675E29B3B35900A8EE87 /* Project object */;
}
